
Microsoft Visual Studio Solution File, Format Version 12.00
# Visual Studio 14
VisualStudioVersion = 14.0.25420.1
MinimumVisualStudioVersion = 10.0.40219.1
Project("{FAE04EC0-301F-11D3-BF4B-00C04F79EFBC}") = "BE", "BE\BE.csproj", "{DCB9548C-7A3F-4290-B5CD-0058DCD6189F}"
EndProject
Project("{FAE04EC0-301F-11D3-BF4B-00C04F79EFBC}") = "DAL", "DAL\DAL.csproj", "{22D3387C-DCC7-4F3F-9F0B-522B245D6E95}"
EndProject
Project("{FAE04EC0-301F-11D3-BF4B-00C04F79EFBC}") = "DS", "DS\DS.csproj", "{36F38101-9784-4463-8B66-E12864B5DB8B}"
EndProject
Project("{FAE04EC0-301F-11D3-BF4B-00C04F79EFBC}") = "BL", "BL\BL.csproj", "{A363DA97-DA84-4022-A294-BF046B8E047B}"
EndProject
Global
	GlobalSection(SolutionConfigurationPlatforms) = preSolution
		Debug|Any CPU = Debug|Any CPU
		Release|Any CPU = Release|Any CPU
	EndGlobalSection
	GlobalSection(ProjectConfigurationPlatforms) = postSolution
		{DCB9548C-7A3F-4290-B5CD-0058DCD6189F}.Debug|Any CPU.ActiveCfg = Debug|Any CPU
		{DCB9548C-7A3F-4290-B5CD-0058DCD6189F}.Debug|Any CPU.Build.0 = Debug|Any CPU
		{DCB9548C-7A3F-4290-B5CD-0058DCD6189F}.Release|Any CPU.ActiveCfg = Release|Any CPU
		{DCB9548C-7A3F-4290-B5CD-0058DCD6189F}.Release|Any CPU.Build.0 = Release|Any CPU
		{22D3387C-DCC7-4F3F-9F0B-522B245D6E95}.Debug|Any CPU.ActiveCfg = Debug|Any CPU
		{22D3387C-DCC7-4F3F-9F0B-522B245D6E95}.Debug|Any CPU.Build.0 = Debug|Any CPU
		{22D3387C-DCC7-4F3F-9F0B-522B245D6E95}.Release|Any CPU.ActiveCfg = Release|Any CPU
		{22D3387C-DCC7-4F3F-9F0B-522B245D6E95}.Release|Any CPU.Build.0 = Release|Any CPU
		{36F38101-9784-4463-8B66-E12864B5DB8B}.Debug|Any CPU.ActiveCfg = Debug|Any CPU
		{36F38101-9784-4463-8B66-E12864B5DB8B}.Debug|Any CPU.Build.0 = Debug|Any CPU
		{36F38101-9784-4463-8B66-E12864B5DB8B}.Release|Any CPU.ActiveCfg = Release|Any CPU
		{36F38101-9784-4463-8B66-E12864B5DB8B}.Release|Any CPU.Build.0 = Release|Any CPU
		{A363DA97-DA84-4022-A294-BF046B8E047B}.Debug|Any CPU.ActiveCfg = Debug|Any CPU
		{A363DA97-DA84-4022-A294-BF046B8E047B}.Debug|Any CPU.Build.0 = Debug|Any CPU
		{A363DA97-DA84-4022-A294-BF046B8E047B}.Release|Any CPU.ActiveCfg = Release|Any CPU
		{A363DA97-DA84-4022-A294-BF046B8E047B}.Release|Any CPU.Build.0 = Release|Any CPU
	EndGlobalSection
	GlobalSection(SolutionProperties) = preSolution
		HideSolutionNode = FALSE
	EndGlobalSection
EndGlobal
